{
    "hash": "253370657f067dacf104d5fae531f20a",
    "packages": [
        {
            "package": "evenement/evenement",
            "version": "dev-master",
            "source-reference": "fa966683e7df3e5dd5929d984a44abfbd6bafe8d"
        },
        {
            "package": "guzzle/guzzle",
            "version": "v2.5.0"
        },
        {
            "package": "react/event-loop",
            "version": "dev-master",
            "source-reference": "b8b05f583afeafdc9748bf114b367440112bea79"
        },
        {
            "package": "react/socket",
            "version": "dev-master",
            "source-reference": "3b183d18e11789e0d3b37a88b19ce7170132930a"
        },
        {
            "package": "symfony/event-dispatcher",
            "version": "dev-master",
            "alias-pretty-version": "2.1.x-dev",
            "alias-version": "2.1.9999999.9999999-dev"
        },
        {
            "package": "symfony/event-dispatcher",
            "version": "dev-master",
            "source-reference": "30d3f5da80c2aeab15bcdb5a7d448d15bc294b23"
        },
        {
            "package": "symfony/http-foundation",
            "version": "dev-master",
            "alias-pretty-version": "2.1.x-dev",
            "alias-version": "2.1.9999999.9999999-dev"
        },
        {
            "package": "symfony/http-foundation",
            "version": "dev-master",
            "source-reference": "d9ef2afd0218415a8c04ea48a2c83bb5b8f0f51c"
        }
    ],
    "packages-dev": null,
    "aliases": [

    ],
    "minimum-stability": "dev",
    "stability-flags": {
        "react/socket": 20
    }
}
